
Microsoft Visual Studio Solution File, Format Version 12.00
# Visual Studio 15
VisualStudioVersion = 15.0.28010.2041
MinimumVisualStudioVersion = 10.0.40219.1
Project("{FAE04EC0-301F-11D3-BF4B-00C04F79EFBC}") = "ProjektPO", "ProjektPO\ProjektPO.csproj", "{07B224F5-EF5F-4488-995C-F94C9ADBF9A0}"
EndProject
Project("{FAE04EC0-301F-11D3-BF4B-00C04F79EFBC}") = "GUIProjektPo", "GUIProjektPo\GUIProjektPo.csproj", "{91C7E04B-8897-469A-A077-793D5103B6F5}"
EndProject
Project("{FAE04EC0-301F-11D3-BF4B-00C04F79EFBC}") = "Test1", "Test1\Test1.csproj", "{EC7D80E8-DC73-494E-B668-2CF32749206D}"
EndProject
Global
	GlobalSection(SolutionConfigurationPlatforms) = preSolution
		Debug|Any CPU = Debug|Any CPU
		Release|Any CPU = Release|Any CPU
	EndGlobalSection
	GlobalSection(ProjectConfigurationPlatforms) = postSolution
		{07B224F5-EF5F-4488-995C-F94C9ADBF9A0}.Debug|Any CPU.ActiveCfg = Debug|Any CPU
		{07B224F5-EF5F-4488-995C-F94C9ADBF9A0}.Debug|Any CPU.Build.0 = Debug|Any CPU
		{07B224F5-EF5F-4488-995C-F94C9ADBF9A0}.Release|Any CPU.ActiveCfg = Release|Any CPU
		{07B224F5-EF5F-4488-995C-F94C9ADBF9A0}.Release|Any CPU.Build.0 = Release|Any CPU
		{91C7E04B-8897-469A-A077-793D5103B6F5}.Debug|Any CPU.ActiveCfg = Debug|Any CPU
		{91C7E04B-8897-469A-A077-793D5103B6F5}.Debug|Any CPU.Build.0 = Debug|Any CPU
		{91C7E04B-8897-469A-A077-793D5103B6F5}.Release|Any CPU.ActiveCfg = Release|Any CPU
		{91C7E04B-8897-469A-A077-793D5103B6F5}.Release|Any CPU.Build.0 = Release|Any CPU
		{EC7D80E8-DC73-494E-B668-2CF32749206D}.Debug|Any CPU.ActiveCfg = Debug|Any CPU
		{EC7D80E8-DC73-494E-B668-2CF32749206D}.Debug|Any CPU.Build.0 = Debug|Any CPU
		{EC7D80E8-DC73-494E-B668-2CF32749206D}.Release|Any CPU.ActiveCfg = Release|Any CPU
		{EC7D80E8-DC73-494E-B668-2CF32749206D}.Release|Any CPU.Build.0 = Release|Any CPU
	EndGlobalSection
	GlobalSection(SolutionProperties) = preSolution
		HideSolutionNode = FALSE
	EndGlobalSection
	GlobalSection(ExtensibilityGlobals) = postSolution
		SolutionGuid = {E2835E1E-CDE2-48D8-AAA9-6D16DA7636C0}
	EndGlobalSection
EndGlobal
